
Microsoft Visual Studio Solution File, Format Version 12.00
# Visual Studio 15
VisualStudioVersion = 15.0.28307.489
MinimumVisualStudioVersion = 10.0.40219.1
Project("{FAE04EC0-301F-11D3-BF4B-00C04F79EFBC}") = "ShopCarApi", "ShopCarApi\ShopCarApi.csproj", "{2FCD775A-A69E-4938-80C4-5EF0133EB414}"
EndProject
Global
	GlobalSection(SolutionConfigurationPlatforms) = preSolution
		Debug|Any CPU = Debug|Any CPU
		Release|Any CPU = Release|Any CPU
	EndGlobalSection
	GlobalSection(ProjectConfigurationPlatforms) = postSolution
		{2FCD775A-A69E-4938-80C4-5EF0133EB414}.Debug|Any CPU.ActiveCfg = Debug|Any CPU
		{2FCD775A-A69E-4938-80C4-5EF0133EB414}.Debug|Any CPU.Build.0 = Debug|Any CPU
		{2FCD775A-A69E-4938-80C4-5EF0133EB414}.Release|Any CPU.ActiveCfg = Release|Any CPU
		{2FCD775A-A69E-4938-80C4-5EF0133EB414}.Release|Any CPU.Build.0 = Release|Any CPU
	EndGlobalSection
	GlobalSection(SolutionProperties) = preSolution
		HideSolutionNode = FALSE
	EndGlobalSection
	GlobalSection(ExtensibilityGlobals) = postSolution
		SolutionGuid = {0A2F3626-E739-42A6-9E2D-40CD52774BD7}
	EndGlobalSection
EndGlobal
